
Microsoft Visual Studio Solution File, Format Version 12.00
# Visual Studio Version 17
VisualStudioVersion = 17.14.36414.22 d17.14
MinimumVisualStudioVersion = 10.0.40219.1
Project("{FAE04EC0-301F-11D3-BF4B-00C04F79EFBC}") = "Practise 13.1", "Practise 13.1.csproj", "{9856CA53-F907-4F36-9BA6-DA3756A958DA}"
EndProject
Global
	GlobalSection(SolutionConfigurationPlatforms) = preSolution
		Debug|Any CPU = Debug|Any CPU
		Release|Any CPU = Release|Any CPU
	EndGlobalSection
	GlobalSection(ProjectConfigurationPlatforms) = postSolution
		{9856CA53-F907-4F36-9BA6-DA3756A958DA}.Debug|Any CPU.ActiveCfg = Debug|Any CPU
		{9856CA53-F907-4F36-9BA6-DA3756A958DA}.Debug|Any CPU.Build.0 = Debug|Any CPU
		{9856CA53-F907-4F36-9BA6-DA3756A958DA}.Release|Any CPU.ActiveCfg = Release|Any CPU
		{9856CA53-F907-4F36-9BA6-DA3756A958DA}.Release|Any CPU.Build.0 = Release|Any CPU
	EndGlobalSection
	GlobalSection(SolutionProperties) = preSolution
		HideSolutionNode = FALSE
	EndGlobalSection
	GlobalSection(ExtensibilityGlobals) = postSolution
		SolutionGuid = {024D722D-AD12-4139-89FA-F281B0F1B978}
	EndGlobalSection
EndGlobal
